
Microsoft Visual Studio Solution File, Format Version 12.00
# Visual Studio Version 17
VisualStudioVersion = 17.10.35013.160
MinimumVisualStudioVersion = 10.0.40219.1
Project("{FAE04EC0-301F-11D3-BF4B-00C04F79EFBC}") = "HackthonAssignment", "HackthonAssignment.csproj", "{213DFDDD-86E5-4CB9-B464-9E13A63DB1F7}"
EndProject
Global
	GlobalSection(SolutionConfigurationPlatforms) = preSolution
		Debug|Any CPU = Debug|Any CPU
		Release|Any CPU = Release|Any CPU
	EndGlobalSection
	GlobalSection(ProjectConfigurationPlatforms) = postSolution
		{213DFDDD-86E5-4CB9-B464-9E13A63DB1F7}.Debug|Any CPU.ActiveCfg = Debug|Any CPU
		{213DFDDD-86E5-4CB9-B464-9E13A63DB1F7}.Debug|Any CPU.Build.0 = Debug|Any CPU
		{213DFDDD-86E5-4CB9-B464-9E13A63DB1F7}.Release|Any CPU.ActiveCfg = Release|Any CPU
		{213DFDDD-86E5-4CB9-B464-9E13A63DB1F7}.Release|Any CPU.Build.0 = Release|Any CPU
	EndGlobalSection
	GlobalSection(SolutionProperties) = preSolution
		HideSolutionNode = FALSE
	EndGlobalSection
	GlobalSection(ExtensibilityGlobals) = postSolution
		SolutionGuid = {995B5091-E17A-4C29-9A8C-E287DE355351}
	EndGlobalSection
EndGlobal
