
Microsoft Visual Studio Solution File, Format Version 12.00
# Visual Studio Version 17
VisualStudioVersion = 17.10.35013.160
MinimumVisualStudioVersion = 10.0.40219.1
Project("{FAE04EC0-301F-11D3-BF4B-00C04F79EFBC}") = "TemperatureConvertor", "TemperatureConvertor.csproj", "{6DDCA65C-5A7C-4719-8860-69A052A47F86}"
EndProject
Project("{FAE04EC0-301F-11D3-BF4B-00C04F79EFBC}") = "Client", "..\Client\Client.csproj", "{2E07CFD3-A78A-436A-8B23-4C357F471786}"
EndProject
Global
	GlobalSection(SolutionConfigurationPlatforms) = preSolution
		Debug|Any CPU = Debug|Any CPU
		Release|Any CPU = Release|Any CPU
	EndGlobalSection
	GlobalSection(ProjectConfigurationPlatforms) = postSolution
		{6DDCA65C-5A7C-4719-8860-69A052A47F86}.Debug|Any CPU.ActiveCfg = Debug|Any CPU
		{6DDCA65C-5A7C-4719-8860-69A052A47F86}.Debug|Any CPU.Build.0 = Debug|Any CPU
		{6DDCA65C-5A7C-4719-8860-69A052A47F86}.Release|Any CPU.ActiveCfg = Release|Any CPU
		{6DDCA65C-5A7C-4719-8860-69A052A47F86}.Release|Any CPU.Build.0 = Release|Any CPU
		{2E07CFD3-A78A-436A-8B23-4C357F471786}.Debug|Any CPU.ActiveCfg = Debug|Any CPU
		{2E07CFD3-A78A-436A-8B23-4C357F471786}.Debug|Any CPU.Build.0 = Debug|Any CPU
		{2E07CFD3-A78A-436A-8B23-4C357F471786}.Release|Any CPU.ActiveCfg = Release|Any CPU
		{2E07CFD3-A78A-436A-8B23-4C357F471786}.Release|Any CPU.Build.0 = Release|Any CPU
	EndGlobalSection
	GlobalSection(SolutionProperties) = preSolution
		HideSolutionNode = FALSE
	EndGlobalSection
	GlobalSection(ExtensibilityGlobals) = postSolution
		SolutionGuid = {8980C923-41DB-4DB4-83DF-E39E04B7CA61}
	EndGlobalSection
EndGlobal
